
Microsoft Visual Studio Solution File, Format Version 12.00
Project("{FAE04EC0-301F-11D3-BF4B-00C04F79EFBC}") = "bytebank", "bytebank\bytebank.csproj", "{E9AF921E-2473-44ED-A116-7E689994AE2D}"
EndProject
Project("{FAE04EC0-301F-11D3-BF4B-00C04F79EFBC}") = "MelhorPreco", "MelhorPreco\MelhorPreco.csproj", "{A6C22F8D-3E12-46DC-A7F7-83CA68C93D64}"
EndProject
Global
	GlobalSection(SolutionConfigurationPlatforms) = preSolution
		Debug|Any CPU = Debug|Any CPU
		Release|Any CPU = Release|Any CPU
	EndGlobalSection
	GlobalSection(ProjectConfigurationPlatforms) = postSolution
		{E9AF921E-2473-44ED-A116-7E689994AE2D}.Debug|Any CPU.ActiveCfg = Debug|Any CPU
		{E9AF921E-2473-44ED-A116-7E689994AE2D}.Debug|Any CPU.Build.0 = Debug|Any CPU
		{E9AF921E-2473-44ED-A116-7E689994AE2D}.Release|Any CPU.ActiveCfg = Release|Any CPU
		{E9AF921E-2473-44ED-A116-7E689994AE2D}.Release|Any CPU.Build.0 = Release|Any CPU
		{A6C22F8D-3E12-46DC-A7F7-83CA68C93D64}.Debug|Any CPU.ActiveCfg = Debug|Any CPU
		{A6C22F8D-3E12-46DC-A7F7-83CA68C93D64}.Debug|Any CPU.Build.0 = Debug|Any CPU
		{A6C22F8D-3E12-46DC-A7F7-83CA68C93D64}.Release|Any CPU.ActiveCfg = Release|Any CPU
		{A6C22F8D-3E12-46DC-A7F7-83CA68C93D64}.Release|Any CPU.Build.0 = Release|Any CPU
	EndGlobalSection
EndGlobal
